
Microsoft Visual Studio Solution File, Format Version 12.00
# Visual Studio Version 16
VisualStudioVersion = 16.0.29709.97
MinimumVisualStudioVersion = 10.0.40219.1
Project("{9A19103F-16F7-4668-BE54-9A1E7A4F7556}") = "Core", "Core\Core.csproj", "{BCD817DB-9487-46D2-BBFD-6173CC06457F}"
EndProject
Project("{9A19103F-16F7-4668-BE54-9A1E7A4F7556}") = "DiDemo", "DiDemo\DiDemo.csproj", "{3B26EB27-F5DA-4134-9F5B-15AC7E32E3AF}"
EndProject
Project("{9A19103F-16F7-4668-BE54-9A1E7A4F7556}") = "AutoMapperDemo", "AutoMapperDemo\AutoMapperDemo.csproj", "{DD3D82DB-D029-4F6F-B10D-DFD9D2B84AAE}"
EndProject
Project("{9A19103F-16F7-4668-BE54-9A1E7A4F7556}") = "AutoMapperWebApplicationDemo", "AutoMapperWebApplicationDemo\AutoMapperWebApplicationDemo.csproj", "{7EF57580-3126-4016-B138-8B216823EF56}"
EndProject
Project("{9A19103F-16F7-4668-BE54-9A1E7A4F7556}") = "CodeFirstDb", "CodeFirstDb\CodeFirstDb.csproj", "{17539617-ED32-41E6-BB96-77EC0F196682}"
EndProject
Project("{9A19103F-16F7-4668-BE54-9A1E7A4F7556}") = "SerilogDemo", "SerilogDemo\SerilogDemo.csproj", "{F9AE524E-9CC5-43F2-B2DE-6BC9948DC050}"
EndProject
Project("{9A19103F-16F7-4668-BE54-9A1E7A4F7556}") = "AbpConsoleDemo", "AbpConsoleDemo\AbpConsoleDemo.csproj", "{611FDA64-D6CF-4BA3-A968-750657DEE666}"
EndProject
Project("{9A19103F-16F7-4668-BE54-9A1E7A4F7556}") = "AbpAspNetCoreDemo", "AbpAspNetCoreDemo\AbpAspNetCoreDemo.csproj", "{29FE29F7-E24A-4734-8289-2546302DAC9C}"
EndProject
Project("{9A19103F-16F7-4668-BE54-9A1E7A4F7556}") = "SwaggerDemo", "SwaggerDemo\SwaggerDemo.csproj", "{50EA4FBB-FCCA-4B57-B284-B2A707D656A7}"
EndProject
Project("{9A19103F-16F7-4668-BE54-9A1E7A4F7556}") = "MailDemo", "MailDemo\MailDemo.csproj", "{3D963075-B9CD-4298-B636-582FB1C0FF4E}"
EndProject
Project("{9A19103F-16F7-4668-BE54-9A1E7A4F7556}") = "MongoDbDemo", "MongoDbDemo\MongoDbDemo.csproj", "{2D829B6E-AC90-41E2-8791-57693CF930E3}"
EndProject
Project("{FAE04EC0-301F-11D3-BF4B-00C04F79EFBC}") = "SharpMap", "SharpMap\SharpMap.csproj", "{0B2F7704-14EB-464C-B3B8-3F57C00D9B7B}"
EndProject
Global
	GlobalSection(SolutionConfigurationPlatforms) = preSolution
		Debug|Any CPU = Debug|Any CPU
		Release|Any CPU = Release|Any CPU
	EndGlobalSection
	GlobalSection(ProjectConfigurationPlatforms) = postSolution
		{BCD817DB-9487-46D2-BBFD-6173CC06457F}.Debug|Any CPU.ActiveCfg = Debug|Any CPU
		{BCD817DB-9487-46D2-BBFD-6173CC06457F}.Debug|Any CPU.Build.0 = Debug|Any CPU
		{BCD817DB-9487-46D2-BBFD-6173CC06457F}.Release|Any CPU.ActiveCfg = Release|Any CPU
		{BCD817DB-9487-46D2-BBFD-6173CC06457F}.Release|Any CPU.Build.0 = Release|Any CPU
		{3B26EB27-F5DA-4134-9F5B-15AC7E32E3AF}.Debug|Any CPU.ActiveCfg = Debug|Any CPU
		{3B26EB27-F5DA-4134-9F5B-15AC7E32E3AF}.Debug|Any CPU.Build.0 = Debug|Any CPU
		{3B26EB27-F5DA-4134-9F5B-15AC7E32E3AF}.Release|Any CPU.ActiveCfg = Release|Any CPU
		{3B26EB27-F5DA-4134-9F5B-15AC7E32E3AF}.Release|Any CPU.Build.0 = Release|Any CPU
		{DD3D82DB-D029-4F6F-B10D-DFD9D2B84AAE}.Debug|Any CPU.ActiveCfg = Debug|Any CPU
		{DD3D82DB-D029-4F6F-B10D-DFD9D2B84AAE}.Debug|Any CPU.Build.0 = Debug|Any CPU
		{DD3D82DB-D029-4F6F-B10D-DFD9D2B84AAE}.Release|Any CPU.ActiveCfg = Release|Any CPU
		{DD3D82DB-D029-4F6F-B10D-DFD9D2B84AAE}.Release|Any CPU.Build.0 = Release|Any CPU
		{7EF57580-3126-4016-B138-8B216823EF56}.Debug|Any CPU.ActiveCfg = Debug|Any CPU
		{7EF57580-3126-4016-B138-8B216823EF56}.Debug|Any CPU.Build.0 = Debug|Any CPU
		{7EF57580-3126-4016-B138-8B216823EF56}.Release|Any CPU.ActiveCfg = Release|Any CPU
		{7EF57580-3126-4016-B138-8B216823EF56}.Release|Any CPU.Build.0 = Release|Any CPU
		{17539617-ED32-41E6-BB96-77EC0F196682}.Debug|Any CPU.ActiveCfg = Debug|Any CPU
		{17539617-ED32-41E6-BB96-77EC0F196682}.Debug|Any CPU.Build.0 = Debug|Any CPU
		{17539617-ED32-41E6-BB96-77EC0F196682}.Release|Any CPU.ActiveCfg = Release|Any CPU
		{17539617-ED32-41E6-BB96-77EC0F196682}.Release|Any CPU.Build.0 = Release|Any CPU
		{F9AE524E-9CC5-43F2-B2DE-6BC9948DC050}.Debug|Any CPU.ActiveCfg = Debug|Any CPU
		{F9AE524E-9CC5-43F2-B2DE-6BC9948DC050}.Debug|Any CPU.Build.0 = Debug|Any CPU
		{F9AE524E-9CC5-43F2-B2DE-6BC9948DC050}.Release|Any CPU.ActiveCfg = Release|Any CPU
		{F9AE524E-9CC5-43F2-B2DE-6BC9948DC050}.Release|Any CPU.Build.0 = Release|Any CPU
		{611FDA64-D6CF-4BA3-A968-750657DEE666}.Debug|Any CPU.ActiveCfg = Debug|Any CPU
		{611FDA64-D6CF-4BA3-A968-750657DEE666}.Debug|Any CPU.Build.0 = Debug|Any CPU
		{611FDA64-D6CF-4BA3-A968-750657DEE666}.Release|Any CPU.ActiveCfg = Release|Any CPU
		{611FDA64-D6CF-4BA3-A968-750657DEE666}.Release|Any CPU.Build.0 = Release|Any CPU
		{29FE29F7-E24A-4734-8289-2546302DAC9C}.Debug|Any CPU.ActiveCfg = Debug|Any CPU
		{29FE29F7-E24A-4734-8289-2546302DAC9C}.Debug|Any CPU.Build.0 = Debug|Any CPU
		{29FE29F7-E24A-4734-8289-2546302DAC9C}.Release|Any CPU.ActiveCfg = Release|Any CPU
		{29FE29F7-E24A-4734-8289-2546302DAC9C}.Release|Any CPU.Build.0 = Release|Any CPU
		{50EA4FBB-FCCA-4B57-B284-B2A707D656A7}.Debug|Any CPU.ActiveCfg = Debug|Any CPU
		{50EA4FBB-FCCA-4B57-B284-B2A707D656A7}.Debug|Any CPU.Build.0 = Debug|Any CPU
		{50EA4FBB-FCCA-4B57-B284-B2A707D656A7}.Release|Any CPU.ActiveCfg = Release|Any CPU
		{50EA4FBB-FCCA-4B57-B284-B2A707D656A7}.Release|Any CPU.Build.0 = Release|Any CPU
		{3D963075-B9CD-4298-B636-582FB1C0FF4E}.Debug|Any CPU.ActiveCfg = Debug|Any CPU
		{3D963075-B9CD-4298-B636-582FB1C0FF4E}.Debug|Any CPU.Build.0 = Debug|Any CPU
		{3D963075-B9CD-4298-B636-582FB1C0FF4E}.Release|Any CPU.ActiveCfg = Release|Any CPU
		{3D963075-B9CD-4298-B636-582FB1C0FF4E}.Release|Any CPU.Build.0 = Release|Any CPU
		{2D829B6E-AC90-41E2-8791-57693CF930E3}.Debug|Any CPU.ActiveCfg = Debug|Any CPU
		{2D829B6E-AC90-41E2-8791-57693CF930E3}.Debug|Any CPU.Build.0 = Debug|Any CPU
		{2D829B6E-AC90-41E2-8791-57693CF930E3}.Release|Any CPU.ActiveCfg = Release|Any CPU
		{2D829B6E-AC90-41E2-8791-57693CF930E3}.Release|Any CPU.Build.0 = Release|Any CPU
		{0B2F7704-14EB-464C-B3B8-3F57C00D9B7B}.Debug|Any CPU.ActiveCfg = Debug|Any CPU
		{0B2F7704-14EB-464C-B3B8-3F57C00D9B7B}.Debug|Any CPU.Build.0 = Debug|Any CPU
		{0B2F7704-14EB-464C-B3B8-3F57C00D9B7B}.Release|Any CPU.ActiveCfg = Release|Any CPU
		{0B2F7704-14EB-464C-B3B8-3F57C00D9B7B}.Release|Any CPU.Build.0 = Release|Any CPU
	EndGlobalSection
	GlobalSection(SolutionProperties) = preSolution
		HideSolutionNode = FALSE
	EndGlobalSection
	GlobalSection(ExtensibilityGlobals) = postSolution
		SolutionGuid = {BC842A71-6309-4BB9-AD9B-CBEA2B50414F}
	EndGlobalSection
EndGlobal
