
Microsoft Visual Studio Solution File, Format Version 12.00
# Visual Studio Version 16
VisualStudioVersion = 16.0.29709.97
MinimumVisualStudioVersion = 10.0.40219.1
Project("{9A19103F-16F7-4668-BE54-9A1E7A4F7556}") = "Core", "Core\Core.csproj", "{BCD817DB-9487-46D2-BBFD-6173CC06457F}"
EndProject
Project("{FAE04EC0-301F-11D3-BF4B-00C04F79EFBC}") = "DiDemo", "DiDemo\DiDemo.csproj", "{3B26EB27-F5DA-4134-9F5B-15AC7E32E3AF}"
EndProject
Global
	GlobalSection(SolutionConfigurationPlatforms) = preSolution
		Debug|Any CPU = Debug|Any CPU
		Release|Any CPU = Release|Any CPU
	EndGlobalSection
	GlobalSection(ProjectConfigurationPlatforms) = postSolution
		{BCD817DB-9487-46D2-BBFD-6173CC06457F}.Debug|Any CPU.ActiveCfg = Debug|Any CPU
		{BCD817DB-9487-46D2-BBFD-6173CC06457F}.Debug|Any CPU.Build.0 = Debug|Any CPU
		{BCD817DB-9487-46D2-BBFD-6173CC06457F}.Release|Any CPU.ActiveCfg = Release|Any CPU
		{BCD817DB-9487-46D2-BBFD-6173CC06457F}.Release|Any CPU.Build.0 = Release|Any CPU
		{3B26EB27-F5DA-4134-9F5B-15AC7E32E3AF}.Debug|Any CPU.ActiveCfg = Debug|Any CPU
		{3B26EB27-F5DA-4134-9F5B-15AC7E32E3AF}.Debug|Any CPU.Build.0 = Debug|Any CPU
		{3B26EB27-F5DA-4134-9F5B-15AC7E32E3AF}.Release|Any CPU.ActiveCfg = Release|Any CPU
		{3B26EB27-F5DA-4134-9F5B-15AC7E32E3AF}.Release|Any CPU.Build.0 = Release|Any CPU
	EndGlobalSection
	GlobalSection(SolutionProperties) = preSolution
		HideSolutionNode = FALSE
	EndGlobalSection
	GlobalSection(ExtensibilityGlobals) = postSolution
		SolutionGuid = {BC842A71-6309-4BB9-AD9B-CBEA2B50414F}
	EndGlobalSection
EndGlobal
